{
  "nodes": {
    "bufdelete-nvim": {
      "flake": false,
      "locked": {
        "lastModified": 1676574502,
        "narHash": "sha256-bh5PE0/QNK5et+E7cTz69wnZ9K09681nlQ+OI87ZU7g=",
        "owner": "famiu",
        "repo": "bufdelete.nvim",
        "rev": "8933abc09df6c381d47dc271b1ee5d266541448e",
        "type": "github"
      },
      "original": {
        "owner": "famiu",
        "repo": "bufdelete.nvim",
        "type": "github"
      }
    },
    "cellular-automaton": {
      "flake": false,
      "locked": {
        "lastModified": 1674679594,
        "narHash": "sha256-h4KQCf8+GbxWSyZzDny07YFZm7j+aSSfm51lsaK0Ers=",
        "owner": "Eandrju",
        "repo": "cellular-automaton.nvim",
        "rev": "679943b8e1e5ef79aaeeaf4b00782c52eb4e928f",
        "type": "github"
      },
      "original": {
        "owner": "Eandrju",
        "repo": "cellular-automaton.nvim",
        "type": "github"
      }
    },
    "cmp-buffer": {
      "flake": false,
      "locked": {
        "lastModified": 1660101488,
        "narHash": "sha256-dG4U7MtnXThoa/PD+qFtCt76MQ14V1wX8GMYcvxEnbM=",
        "owner": "hrsh7th",
        "repo": "cmp-buffer",
        "rev": "3022dbc9166796b644a841a02de8dd1cc1d311fa",
        "type": "github"
      },
      "original": {
        "owner": "hrsh7th",
        "repo": "cmp-buffer",
        "type": "github"
      }
    },
    "cmp-nvim-lsp": {
      "flake": false,
      "locked": {
        "lastModified": 1675708067,
        "narHash": "sha256-DxpcPTBlvVP88PDoTheLV2fC76EXDqS2UpM5mAfj/D4=",
        "owner": "hrsh7th",
        "repo": "cmp-nvim-lsp",
        "rev": "0e6b2ed705ddcff9738ec4ea838141654f12eeef",
        "type": "github"
      },
      "original": {
        "owner": "hrsh7th",
        "repo": "cmp-nvim-lsp",
        "type": "github"
      }
    },
    "cmp-path": {
      "flake": false,
      "locked": {
        "lastModified": 1664784283,
        "narHash": "sha256-thppiiV3wjIaZnAXmsh7j3DUc6ceSCvGzviwFUnoPaI=",
        "owner": "hrsh7th",
        "repo": "cmp-path",
        "rev": "91ff86cd9c29299a64f968ebb45846c485725f23",
        "type": "github"
      },
      "original": {
        "owner": "hrsh7th",
        "repo": "cmp-path",
        "type": "github"
      }
    },
    "cmp-treesitter": {
      "flake": false,
      "locked": {
        "lastModified": 1666995820,
        "narHash": "sha256-+dOqV9QqN+s1no8vfL6DNeFBc2dYyduQqAH5zVwm3Rw=",
        "owner": "ray-x",
        "repo": "cmp-treesitter",
        "rev": "b40178b780d547bcf131c684bc5fd41af17d05f2",
        "type": "github"
      },
      "original": {
        "owner": "ray-x",
        "repo": "cmp-treesitter",
        "type": "github"
      }
    },
    "cmp-vsnip": {
      "flake": false,
      "locked": {
        "lastModified": 1669100283,
        "narHash": "sha256-2mkN03noOr5vBvRbSb35xZKorSH+8savQNZtgM9+QcM=",
        "owner": "hrsh7th",
        "repo": "cmp-vsnip",
        "rev": "989a8a73c44e926199bfd05fa7a516d51f2d2752",
        "type": "github"
      },
      "original": {
        "owner": "hrsh7th",
        "repo": "cmp-vsnip",
        "type": "github"
      }
    },
    "crates-nvim": {
      "flake": false,
      "locked": {
        "lastModified": 1677075483,
        "narHash": "sha256-xarbPUL3yFMOn5Bse+syw1vLxqA/krS3tbuu/baup/k=",
        "owner": "Saecki",
        "repo": "crates.nvim",
        "rev": "c33aae75745877ee1ef16f5781478f4f2f120623",
        "type": "github"
      },
      "original": {
        "owner": "Saecki",
        "repo": "crates.nvim",
        "type": "github"
      }
    },
    "dhall-vim": {
      "flake": false,
      "locked": {
        "lastModified": 1622918822,
        "narHash": "sha256-HCMI41N7ntB0vE+ax06Vs8tEObJllAG326odzCZRllM=",
        "owner": "vmchale",
        "repo": "dhall-vim",
        "rev": "68500ef46ff3706f46c99db3be7a0c8abcf6a3ae",
        "type": "github"
      },
      "original": {
        "owner": "vmchale",
        "repo": "dhall-vim",
        "type": "github"
      }
    },
    "flake-utils": {
      "locked": {
        "lastModified": 1676283394,
        "narHash": "sha256-XX2f9c3iySLCw54rJ/CZs+ZK6IQy7GXNY4nSOyu2QG4=",
        "owner": "numtide",
        "repo": "flake-utils",
        "rev": "3db36a8b464d0c4532ba1c7dda728f4576d6d073",
        "type": "github"
      },
      "original": {
        "id": "flake-utils",
        "type": "indirect"
      }
    },
    "flake-utils_2": {
      "locked": {
        "lastModified": 1659877975,
        "narHash": "sha256-zllb8aq3YO3h8B/U0/J1WBgAL8EX5yWf5pMj3G0NAmc=",
        "owner": "numtide",
        "repo": "flake-utils",
        "rev": "c0e246b9b83f637f4681389ecabcb2681b4f3af0",
        "type": "github"
      },
      "original": {
        "owner": "numtide",
        "repo": "flake-utils",
        "type": "github"
      }
    },
    "flake-utils_3": {
      "locked": {
        "lastModified": 1653893745,
        "narHash": "sha256-0jntwV3Z8//YwuOjzhV2sgJJPt+HY6KhU7VZUL0fKZQ=",
        "owner": "numtide",
        "repo": "flake-utils",
        "rev": "1ed9fb1935d260de5fe1c2f7ee0ebaae17ed2fa1",
        "type": "github"
      },
      "original": {
        "owner": "numtide",
        "repo": "flake-utils",
        "type": "github"
      }
    },
    "gitsigns-nvim": {
      "flake": false,
      "locked": {
        "lastModified": 1677707536,
        "narHash": "sha256-Ny2kW4FpA5reDmvJkXaezRi2BlIaTiIZYFuTuunFJh8=",
        "owner": "lewis6991",
        "repo": "gitsigns.nvim",
        "rev": "3b6c0a6412b31b91eb26bb8f712562cf7bb1d3be",
        "type": "github"
      },
      "original": {
        "owner": "lewis6991",
        "repo": "gitsigns.nvim",
        "type": "github"
      }
    },
    "glow-nvim": {
      "flake": false,
      "locked": {
        "lastModified": 1677812369,
        "narHash": "sha256-fIV2hfuoeQrzJjqrYO69k+utu5/YhlqqeestGc/l8n0=",
        "owner": "ellisonleao",
        "repo": "glow.nvim",
        "rev": "5a8ccfb1876b1b2e29ea32c63221be6df45870d1",
        "type": "github"
      },
      "original": {
        "owner": "ellisonleao",
        "repo": "glow.nvim",
        "type": "github"
      }
    },
    "indent-blankline": {
      "flake": false,
      "locked": {
        "lastModified": 1676854912,
        "narHash": "sha256-dBm0vnza+fBYxlgUDR1/57GZ+kd7CUVgkQIcZEFWl9k=",
        "owner": "lukas-reineke",
        "repo": "indent-blankline.nvim",
        "rev": "018bd04d80c9a73d399c1061fa0c3b14a7614399",
        "type": "github"
      },
      "original": {
        "owner": "lukas-reineke",
        "repo": "indent-blankline.nvim",
        "type": "github"
      }
    },
    "kommentary": {
      "flake": false,
      "locked": {
        "lastModified": 1672983049,
        "narHash": "sha256-N4n5tjNB1yX/QxH+t5aG0VxNwZhUJejv0b5V62WEKDU=",
        "owner": "b3nj5m1n",
        "repo": "kommentary",
        "rev": "3a80117148c6798972bb69414423311ab151d368",
        "type": "github"
      },
      "original": {
        "owner": "b3nj5m1n",
        "repo": "kommentary",
        "type": "github"
      }
    },
    "lsp-signature": {
      "flake": false,
      "locked": {
        "lastModified": 1675379662,
        "narHash": "sha256-g5bAumjFvA0MBPNKWqOxk5OsaR4KEe5CEsiNN5YbIQU=",
        "owner": "ray-x",
        "repo": "lsp_signature.nvim",
        "rev": "6f6252f63b0baf0f2224c4caea33819a27f3f550",
        "type": "github"
      },
      "original": {
        "owner": "ray-x",
        "repo": "lsp_signature.nvim",
        "type": "github"
      }
    },
    "lspkind": {
      "flake": false,
      "locked": {
        "lastModified": 1663824370,
        "narHash": "sha256-WwUQ+O2rIfD4yl0GFx70GsZc9nnhS7b2KWfNdaXCLmM=",
        "owner": "onsails",
        "repo": "lspkind-nvim",
        "rev": "c68b3a003483cf382428a43035079f78474cd11e",
        "type": "github"
      },
      "original": {
        "owner": "onsails",
        "repo": "lspkind-nvim",
        "type": "github"
      }
    },
    "lspsaga": {
      "flake": false,
      "locked": {
        "lastModified": 1670360222,
        "narHash": "sha256-7ENInq3LAPPTdm0Fb7klOc630j8m4LRj1kLZZFYLh68=",
        "owner": "tami5",
        "repo": "lspsaga.nvim",
        "rev": "5faeec9f2508d2d49a66c0ac0d191096b4e3fa81",
        "type": "github"
      },
      "original": {
        "owner": "tami5",
        "repo": "lspsaga.nvim",
        "type": "github"
      }
    },
    "lualine": {
      "flake": false,
      "locked": {
        "lastModified": 1676394253,
        "narHash": "sha256-mItWWRqWj9a/JaW8sccnGBijBsvvnh/b4q/S60UwYwc=",
        "owner": "hoob3rt",
        "repo": "lualine.nvim",
        "rev": "e99d733e0213ceb8f548ae6551b04ae32e590c80",
        "type": "github"
      },
      "original": {
        "owner": "hoob3rt",
        "repo": "lualine.nvim",
        "type": "github"
      }
    },
    "naersk": {
      "inputs": {
        "nixpkgs": [
          "rnix-lsp",
          "nixpkgs"
        ]
      },
      "locked": {
        "lastModified": 1655042882,
        "narHash": "sha256-9BX8Fuez5YJlN7cdPO63InoyBy7dm3VlJkkmTt6fS1A=",
        "owner": "nix-community",
        "repo": "naersk",
        "rev": "cddffb5aa211f50c4b8750adbec0bbbdfb26bb9f",
        "type": "github"
      },
      "original": {
        "owner": "nix-community",
        "repo": "naersk",
        "type": "github"
      }
    },
    "neotest-python": {
      "flake": false,
      "locked": {
        "lastModified": 1676712877,
        "narHash": "sha256-DeMEMwMscOJrazrv9LmuaaxtN4TYow9W/D4b8MRxyz4=",
        "owner": "nvim-neotest",
        "repo": "neotest-python",
        "rev": "6c06041cfb45f45e276068020baa06c06fe20d5c",
        "type": "github"
      },
      "original": {
        "owner": "nvim-neotest",
        "repo": "neotest-python",
        "type": "github"
      }
    },
    "neovimUnwrapped": {
      "inputs": {
        "flake-utils": "flake-utils_2",
        "nixpkgs": "nixpkgs"
      },
      "locked": {
        "dir": "contrib",
        "lastModified": 1675344803,
        "narHash": "sha256-ItJ8aX/WUfcAovxRsXXyWKBAI92hFloYIZiv7viPIdQ=",
        "owner": "neovim",
        "repo": "neovim",
        "rev": "129264dbb41404b94b835baadfc3fa25ffac3d3e",
        "type": "github"
      },
      "original": {
        "dir": "contrib",
        "owner": "neovim",
        "ref": "v0.8.3",
        "repo": "neovim",
        "type": "github"
      }
    },
    "nightfox": {
      "flake": false,
      "locked": {
        "lastModified": 1677527507,
        "narHash": "sha256-kbQlUQgW+rt/UPZwd4CMT8tJSheodSg7AH7CHDpbh+s=",
        "owner": "EdenEast",
        "repo": "nightfox.nvim",
        "rev": "5e9c8ca12f0bfefd958d3729ee2182499e7a6e73",
        "type": "github"
      },
      "original": {
        "owner": "EdenEast",
        "repo": "nightfox.nvim",
        "type": "github"
      }
    },
    "nix2container": {
      "inputs": {
        "flake-utils": "flake-utils_3",
        "nixpkgs": "nixpkgs_2"
      },
      "locked": {
        "lastModified": 1677791117,
        "narHash": "sha256-zL4Fc5133KMqX7zCzcPODaBPEblUfgQt2UccNBm34Pc=",
        "owner": "nlewo",
        "repo": "nix2container",
        "rev": "85670cab354f7df69dd4af097c27cf9bc5826cb2",
        "type": "github"
      },
      "original": {
        "owner": "nlewo",
        "repo": "nix2container",
        "type": "github"
      }
    },
    "nixpkgs": {
      "locked": {
        "lastModified": 1662019588,
        "narHash": "sha256-oPEjHKGGVbBXqwwL+UjsveJzghWiWV0n9ogo1X6l4cw=",
        "owner": "nixos",
        "repo": "nixpkgs",
        "rev": "2da64a81275b68fdad38af669afeda43d401e94b",
        "type": "github"
      },
      "original": {
        "owner": "nixos",
        "ref": "nixos-unstable",
        "repo": "nixpkgs",
        "type": "github"
      }
    },
    "nixpkgs_2": {
      "locked": {
        "lastModified": 1677612629,
        "narHash": "sha256-yC+9LfhfwOd5sXFW8TLnDmqVMNYiHXYPGy9BbdpRqfU=",
        "owner": "NixOS",
        "repo": "nixpkgs",
        "rev": "111ca8e0378e88d9decaa1c6dd7597f35d8bc67f",
        "type": "github"
      },
      "original": {
        "owner": "NixOS",
        "repo": "nixpkgs",
        "type": "github"
      }
    },
    "nixpkgs_3": {
      "locked": {
        "lastModified": 1677655566,
        "narHash": "sha256-I8G8Lmpp3YduYl4+pkiIJFGT1WKw+8ZMH2QwANkTu2U=",
        "owner": "nixos",
        "repo": "nixpkgs",
        "rev": "ae8bdd2de4c23b239b5a771501641d2ef5e027d0",
        "type": "github"
      },
      "original": {
        "owner": "nixos",
        "ref": "nixpkgs-unstable",
        "repo": "nixpkgs",
        "type": "github"
      }
    },
    "nixpkgs_4": {
      "locked": {
        "lastModified": 1656753965,
        "narHash": "sha256-BCrB3l0qpJokOnIVc3g2lHiGhnjUi0MoXiw6t1o8H1E=",
        "owner": "nixos",
        "repo": "nixpkgs",
        "rev": "0ea7a8f1b939d74e5df8af9a8f7342097cdf69eb",
        "type": "github"
      },
      "original": {
        "owner": "nixos",
        "ref": "nixos-unstable",
        "repo": "nixpkgs",
        "type": "github"
      }
    },
    "null-ls": {
      "flake": false,
      "locked": {
        "lastModified": 1676936752,
        "narHash": "sha256-uGyXBh1SpNpOkUlZpQ0RWRTMW6x3uhg4x07hmjkpSro=",
        "owner": "jose-elias-alvarez",
        "repo": "null-ls.nvim",
        "rev": "689cdd78f70af20a37b5309ebc287ac645ae4f76",
        "type": "github"
      },
      "original": {
        "owner": "jose-elias-alvarez",
        "repo": "null-ls.nvim",
        "type": "github"
      }
    },
    "nvim-autopairs": {
      "flake": false,
      "locked": {
        "lastModified": 1677712006,
        "narHash": "sha256-TruglMs8Rl6og2F8HANlB1V73QXmORLyUifCkJ6HPBU=",
        "owner": "windwp",
        "repo": "nvim-autopairs",
        "rev": "ab49517cfd1765b3f3de52c1f0fda6190b44e27b",
        "type": "github"
      },
      "original": {
        "owner": "windwp",
        "repo": "nvim-autopairs",
        "type": "github"
      }
    },
    "nvim-bufferline-lua": {
      "flake": false,
      "locked": {
        "lastModified": 1666946323,
        "narHash": "sha256-Gb3fHut/wBPCtgp916FOQ0x1D5kijj7iZhYe7AlpQRM=",
        "owner": "akinsho",
        "repo": "nvim-bufferline.lua",
        "rev": "028a87933d99f8bb88f2f70a4def3ff9574f3594",
        "type": "github"
      },
      "original": {
        "owner": "akinsho",
        "ref": "v3.1.0",
        "repo": "nvim-bufferline.lua",
        "type": "github"
      }
    },
    "nvim-cmp": {
      "flake": false,
      "locked": {
        "lastModified": 1677479977,
        "narHash": "sha256-cFX19DqWSwkki8TDfEBca1EV81PIPTx92rCpNUslaL8=",
        "owner": "hrsh7th",
        "repo": "nvim-cmp",
        "rev": "01f697a68905f9dcae70960a9eb013695a17f9a2",
        "type": "github"
      },
      "original": {
        "owner": "hrsh7th",
        "repo": "nvim-cmp",
        "type": "github"
      }
    },
    "nvim-code-action-menu": {
      "flake": false,
      "locked": {
        "lastModified": 1671523188,
        "narHash": "sha256-7szx+Me6WhrANbmfQ6C6gfSVB2owd02b3iZYhz7K6wY=",
        "owner": "weilbith",
        "repo": "nvim-code-action-menu",
        "rev": "e4399dbaf6eabff998d3d5f1cbcd8d9933710027",
        "type": "github"
      },
      "original": {
        "owner": "weilbith",
        "repo": "nvim-code-action-menu",
        "type": "github"
      }
    },
    "nvim-compe": {
      "flake": false,
      "locked": {
        "lastModified": 1633188506,
        "narHash": "sha256-Y2oqvsuAKM3qjmmtJVD9z34682eCRF25kPL+rxhhg7I=",
        "owner": "hrsh7th",
        "repo": "nvim-compe",
        "rev": "d186d739c54823e0b010feb205c6f97792322c08",
        "type": "github"
      },
      "original": {
        "owner": "hrsh7th",
        "repo": "nvim-compe",
        "type": "github"
      }
    },
    "nvim-coverage": {
      "flake": false,
      "locked": {
        "lastModified": 1677449617,
        "narHash": "sha256-X0FInKpVN2p6soygG8ynh5tSqc4gZP3ULg/KDgH2+eo=",
        "owner": "andythigpen",
        "repo": "nvim-coverage",
        "rev": "19337fa9638e148e4bca4e2d0e6bc217df678d8c",
        "type": "github"
      },
      "original": {
        "owner": "andythigpen",
        "repo": "nvim-coverage",
        "type": "github"
      }
    },
    "nvim-cursorline": {
      "flake": false,
      "locked": {
        "lastModified": 1650034925,
        "narHash": "sha256-Uhw65p1KBjs8KsVOmTzuiu3XKclxBob8AVdWEt30C/8=",
        "owner": "yamatsum",
        "repo": "nvim-cursorline",
        "rev": "804f0023692653b2b2368462d67d2a87056947f9",
        "type": "github"
      },
      "original": {
        "owner": "yamatsum",
        "repo": "nvim-cursorline",
        "type": "github"
      }
    },
    "nvim-lightbulb": {
      "flake": false,
      "locked": {
        "lastModified": 1661474119,
        "narHash": "sha256-nw6H/dS4dHdrobnrfJVa8urWrMnbTWrA5bQJy9xbKXY=",
        "owner": "kosayoda",
        "repo": "nvim-lightbulb",
        "rev": "56b9ce31ec9d09d560fe8787c0920f76bc208297",
        "type": "github"
      },
      "original": {
        "owner": "kosayoda",
        "repo": "nvim-lightbulb",
        "type": "github"
      }
    },
    "nvim-lspconfig": {
      "flake": false,
      "locked": {
        "lastModified": 1677827056,
        "narHash": "sha256-iO9Y25/2RaqMScCXA5P6vj/fSgmsrSN5HSPjBlUkHmE=",
        "owner": "neovim",
        "repo": "nvim-lspconfig",
        "rev": "e0926b6abc84578f44fb8917d61cdee22188639e",
        "type": "github"
      },
      "original": {
        "owner": "neovim",
        "ref": "master",
        "repo": "nvim-lspconfig",
        "type": "github"
      }
    },
    "nvim-neoclip": {
      "flake": false,
      "locked": {
        "lastModified": 1673910599,
        "narHash": "sha256-Yi/6mODdS2Ote5/zumzcUzkhDbQ3m9jUvxT+jZ/+UqA=",
        "owner": "AckslD",
        "repo": "nvim-neoclip.lua",
        "rev": "5b9286a40ea2020352280caeb713515badb03d99",
        "type": "github"
      },
      "original": {
        "owner": "AckslD",
        "repo": "nvim-neoclip.lua",
        "type": "github"
      }
    },
    "nvim-neotest": {
      "flake": false,
      "locked": {
        "lastModified": 1676972888,
        "narHash": "sha256-RA6py92AVGzuWGLjp2Zn6U6xxx1tdqOYO2yn67PH3sQ=",
        "owner": "nvim-neotest",
        "repo": "neotest",
        "rev": "b06b0ccbddc61acfe781689da969d2e0117b3dfe",
        "type": "github"
      },
      "original": {
        "owner": "nvim-neotest",
        "repo": "neotest",
        "type": "github"
      }
    },
    "nvim-tree-lua": {
      "flake": false,
      "locked": {
        "lastModified": 1677535813,
        "narHash": "sha256-ltSVa+VKD9mFcYF3q49nUT81cCQdbKvCWxm7H8tJNiI=",
        "owner": "kyazdani42",
        "repo": "nvim-tree.lua",
        "rev": "362ecbeed69fae91a287004619decadcb6f7c113",
        "type": "github"
      },
      "original": {
        "owner": "kyazdani42",
        "repo": "nvim-tree.lua",
        "type": "github"
      }
    },
    "nvim-treesitter": {
      "flake": false,
      "locked": {
        "lastModified": 1677856072,
        "narHash": "sha256-I322R/r3nypSyEMBwuTaxQlVzuO+KmSSmssUSAqhN+U=",
        "owner": "nvim-treesitter",
        "repo": "nvim-treesitter",
        "rev": "3c42fb9d702e1246313d2b5531b815595cb4d889",
        "type": "github"
      },
      "original": {
        "owner": "nvim-treesitter",
        "repo": "nvim-treesitter",
        "type": "github"
      }
    },
    "nvim-treesitter-context": {
      "flake": false,
      "locked": {
        "lastModified": 1652175020,
        "narHash": "sha256-dYw/Y6+Eni7gTSjvCCl7E6ho8xSTxDYAwH3xGEhf54Q=",
        "owner": "lewis6991",
        "repo": "nvim-treesitter-context",
        "rev": "c931a3136a696c1827eda78ac678aea542115bd0",
        "type": "github"
      },
      "original": {
        "owner": "lewis6991",
        "repo": "nvim-treesitter-context",
        "type": "github"
      }
    },
    "nvim-treesitter-playground": {
      "flake": false,
      "locked": {
        "lastModified": 1676666900,
        "narHash": "sha256-e8wqVyXfZ8qmURbCO/4pOVDSSHZEaRTGZLK5ZEh0AIY=",
        "owner": "nvim-treesitter",
        "repo": "playground",
        "rev": "4044b53c4d4fcd7a78eae20b8627f78ce7dc6f56",
        "type": "github"
      },
      "original": {
        "owner": "nvim-treesitter",
        "repo": "playground",
        "type": "github"
      }
    },
    "nvim-ts-autotag": {
      "flake": false,
      "locked": {
        "lastModified": 1660219579,
        "narHash": "sha256-ltGiYNXWpWSI5RrWTVR+k6SZjcZbsHtH5m9uHTMKnzM=",
        "owner": "windwp",
        "repo": "nvim-ts-autotag",
        "rev": "fdefe46c6807441460f11f11a167a2baf8e4534b",
        "type": "github"
      },
      "original": {
        "owner": "windwp",
        "repo": "nvim-ts-autotag",
        "type": "github"
      }
    },
    "nvim-web-devicons": {
      "flake": false,
      "locked": {
        "lastModified": 1677551712,
        "narHash": "sha256-WHymlANhUr/4Trxs0P/huCVRyOHTns1drfFS0hBm2GA=",
        "owner": "kyazdani42",
        "repo": "nvim-web-devicons",
        "rev": "c2c2317f356c8b7da0252f5da758f71bb60bb6b2",
        "type": "github"
      },
      "original": {
        "owner": "kyazdani42",
        "repo": "nvim-web-devicons",
        "type": "github"
      }
    },
    "onedark": {
      "flake": false,
      "locked": {
        "lastModified": 1676397581,
        "narHash": "sha256-x3Tx0Spbm95M71sBvm2sVCyCIkeRSfvlC/TKcBMIwg4=",
        "owner": "navarasu",
        "repo": "onedark.nvim",
        "rev": "1fe908fb4acdcee26573e9ccde0de94ec77e5e84",
        "type": "github"
      },
      "original": {
        "owner": "navarasu",
        "repo": "onedark.nvim",
        "type": "github"
      }
    },
    "plenary-nvim": {
      "flake": false,
      "locked": {
        "lastModified": 1676797549,
        "narHash": "sha256-z5JHuQcF1EvySnRBywl6EOrp8aRO0nd2dnkXJg2ge58=",
        "owner": "nvim-lua",
        "repo": "plenary.nvim",
        "rev": "253d34830709d690f013daf2853a9d21ad7accab",
        "type": "github"
      },
      "original": {
        "owner": "nvim-lua",
        "repo": "plenary.nvim",
        "type": "github"
      }
    },
    "purescript-vim": {
      "flake": false,
      "locked": {
        "lastModified": 1675674661,
        "narHash": "sha256-IrPiiDghh5qdeaTM6M4oRzay+LvqL3sdoiM2m89O4pA=",
        "owner": "purescript-contrib",
        "repo": "purescript-vim",
        "rev": "82348352e6568fcc0385bd7c99a8ead3a479feea",
        "type": "github"
      },
      "original": {
        "owner": "purescript-contrib",
        "repo": "purescript-vim",
        "type": "github"
      }
    },
    "registers": {
      "flake": false,
      "locked": {
        "lastModified": 1676623826,
        "narHash": "sha256-wU5WD9se2rvEap/hRki7AM2T0XyTDooER3o1RlSAGRg=",
        "owner": "tversteeg",
        "repo": "registers.nvim",
        "rev": "2d08fffeb8533d3678bd796010c13c7fa2534263",
        "type": "github"
      },
      "original": {
        "owner": "tversteeg",
        "repo": "registers.nvim",
        "type": "github"
      }
    },
    "rnix-lsp": {
      "inputs": {
        "naersk": "naersk",
        "nixpkgs": "nixpkgs_4",
        "utils": "utils"
      },
      "locked": {
        "lastModified": 1669555118,
        "narHash": "sha256-F0s0m62S5bHNVWNHLZD6SeHiLrsDx98VQbRjDyIu+qQ=",
        "owner": "nix-community",
        "repo": "rnix-lsp",
        "rev": "95d40673fe43642e2e1144341e86d0036abd95d9",
        "type": "github"
      },
      "original": {
        "owner": "nix-community",
        "repo": "rnix-lsp",
        "type": "github"
      }
    },
    "root": {
      "inputs": {
        "bufdelete-nvim": "bufdelete-nvim",
        "cellular-automaton": "cellular-automaton",
        "cmp-buffer": "cmp-buffer",
        "cmp-nvim-lsp": "cmp-nvim-lsp",
        "cmp-path": "cmp-path",
        "cmp-treesitter": "cmp-treesitter",
        "cmp-vsnip": "cmp-vsnip",
        "crates-nvim": "crates-nvim",
        "dhall-vim": "dhall-vim",
        "flake-utils": "flake-utils",
        "gitsigns-nvim": "gitsigns-nvim",
        "glow-nvim": "glow-nvim",
        "indent-blankline": "indent-blankline",
        "kommentary": "kommentary",
        "lsp-signature": "lsp-signature",
        "lspkind": "lspkind",
        "lspsaga": "lspsaga",
        "lualine": "lualine",
        "neotest-python": "neotest-python",
        "neovimUnwrapped": "neovimUnwrapped",
        "nightfox": "nightfox",
        "nix2container": "nix2container",
        "nixpkgs": "nixpkgs_3",
        "null-ls": "null-ls",
        "nvim-autopairs": "nvim-autopairs",
        "nvim-bufferline-lua": "nvim-bufferline-lua",
        "nvim-cmp": "nvim-cmp",
        "nvim-code-action-menu": "nvim-code-action-menu",
        "nvim-compe": "nvim-compe",
        "nvim-coverage": "nvim-coverage",
        "nvim-cursorline": "nvim-cursorline",
        "nvim-lightbulb": "nvim-lightbulb",
        "nvim-lspconfig": "nvim-lspconfig",
        "nvim-neoclip": "nvim-neoclip",
        "nvim-neotest": "nvim-neotest",
        "nvim-tree-lua": "nvim-tree-lua",
        "nvim-treesitter": "nvim-treesitter",
        "nvim-treesitter-context": "nvim-treesitter-context",
        "nvim-treesitter-playground": "nvim-treesitter-playground",
        "nvim-ts-autotag": "nvim-ts-autotag",
        "nvim-web-devicons": "nvim-web-devicons",
        "onedark": "onedark",
        "plenary-nvim": "plenary-nvim",
        "purescript-vim": "purescript-vim",
        "registers": "registers",
        "rnix-lsp": "rnix-lsp",
        "rust-tools": "rust-tools",
        "sqls-nvim": "sqls-nvim",
        "telescope": "telescope",
        "todo-comments": "todo-comments",
        "tokyonight": "tokyonight",
        "trouble": "trouble",
        "undotree": "undotree",
        "vim-terraform": "vim-terraform",
        "vim-vsnip": "vim-vsnip",
        "which-key": "which-key"
      }
    },
    "rust-tools": {
      "flake": false,
      "locked": {
        "lastModified": 1676929960,
        "narHash": "sha256-Cuk/vdoviB9ibt2rrkNRmNFy4S+6czhbExmIjTJRdZM=",
        "owner": "simrat39",
        "repo": "rust-tools.nvim",
        "rev": "71d2cf67b5ed120a0e31b2c8adb210dd2834242f",
        "type": "github"
      },
      "original": {
        "owner": "simrat39",
        "repo": "rust-tools.nvim",
        "type": "github"
      }
    },
    "sqls-nvim": {
      "flake": false,
      "locked": {
        "lastModified": 1657291129,
        "narHash": "sha256-tatUEAI8EVXDYQPAAZ5+38YOPWb8Ei9VHCzHp+AyRjc=",
        "owner": "nanotee",
        "repo": "sqls.nvim",
        "rev": "a0048b7018c99b68456f91b4aa42ce288f0c0774",
        "type": "github"
      },
      "original": {
        "owner": "nanotee",
        "repo": "sqls.nvim",
        "type": "github"
      }
    },
    "telescope": {
      "flake": false,
      "locked": {
        "lastModified": 1677414372,
        "narHash": "sha256-QmyVJ/LZFtb/qqD5Q5fHsqAGgqaOT9XkVoLyOcqM14w=",
        "owner": "nvim-telescope",
        "repo": "telescope.nvim",
        "rev": "a3f17d3baf70df58b9d3544ea30abe52a7a832c2",
        "type": "github"
      },
      "original": {
        "owner": "nvim-telescope",
        "repo": "telescope.nvim",
        "type": "github"
      }
    },
    "todo-comments": {
      "flake": false,
      "locked": {
        "lastModified": 1674503659,
        "narHash": "sha256-2BV8ahB5iZmEh5N/JFqMdz4CqVXAIdmxE7rNC1+igsw=",
        "owner": "folke",
        "repo": "todo-comments.nvim",
        "rev": "74c7d28cb50b0713c881ef69bcb6cdd77d8907d1",
        "type": "github"
      },
      "original": {
        "owner": "folke",
        "repo": "todo-comments.nvim",
        "type": "github"
      }
    },
    "tokyonight": {
      "flake": false,
      "locked": {
        "lastModified": 1677739908,
        "narHash": "sha256-+tT6/FGTcTzlngH/UJdHLHhw5q7KAuOXfjNNE6rQ/WI=",
        "owner": "folke",
        "repo": "tokyonight.nvim",
        "rev": "1bbba3609ef69b652184710383f47e4b66ed1d3f",
        "type": "github"
      },
      "original": {
        "owner": "folke",
        "repo": "tokyonight.nvim",
        "type": "github"
      }
    },
    "trouble": {
      "flake": false,
      "locked": {
        "lastModified": 1677584608,
        "narHash": "sha256-5ZclnMkYOOD9l1zu5VF/WBV9po356PdTC7iX3EBC2mw=",
        "owner": "folke",
        "repo": "trouble.nvim",
        "rev": "67337644e38144b444d026b0df2dc5fa0038930f",
        "type": "github"
      },
      "original": {
        "owner": "folke",
        "repo": "trouble.nvim",
        "type": "github"
      }
    },
    "undotree": {
      "flake": false,
      "locked": {
        "lastModified": 1677343895,
        "narHash": "sha256-VrU0usn0akKUtZarvWxL1kD7RgCVBEuZBSQHF5myd40=",
        "owner": "mbbill",
        "repo": "undotree",
        "rev": "485f01efde4e22cb1ce547b9e8c9238f36566f21",
        "type": "github"
      },
      "original": {
        "owner": "mbbill",
        "repo": "undotree",
        "type": "github"
      }
    },
    "utils": {
      "locked": {
        "lastModified": 1656928814,
        "narHash": "sha256-RIFfgBuKz6Hp89yRr7+NR5tzIAbn52h8vT6vXkYjZoM=",
        "owner": "numtide",
        "repo": "flake-utils",
        "rev": "7e2a3b3dfd9af950a856d66b0a7d01e3c18aa249",
        "type": "github"
      },
      "original": {
        "owner": "numtide",
        "repo": "flake-utils",
        "type": "github"
      }
    },
    "vim-terraform": {
      "flake": false,
      "locked": {
        "lastModified": 1673467979,
        "narHash": "sha256-j622k1z/PdlgMchSTlFPH9YQ1qgNqS9rxdb5y8T2CO4=",
        "owner": "hashivim",
        "repo": "vim-terraform",
        "rev": "d00503de9bed3a1da7206090cb148c6a1acce870",
        "type": "github"
      },
      "original": {
        "owner": "hashivim",
        "repo": "vim-terraform",
        "type": "github"
      }
    },
    "vim-vsnip": {
      "flake": false,
      "locked": {
        "lastModified": 1671546474,
        "narHash": "sha256-vFYn5fAM7AAuvTI5behiYM08sV2qQyV7zZ++jgpZfSc=",
        "owner": "hrsh7th",
        "repo": "vim-vsnip",
        "rev": "8dde8c0ef10bb1afdbb301e2bd7eb1c153dd558e",
        "type": "github"
      },
      "original": {
        "owner": "hrsh7th",
        "repo": "vim-vsnip",
        "type": "github"
      }
    },
    "which-key": {
      "flake": false,
      "locked": {
        "lastModified": 1677739890,
        "narHash": "sha256-4VY9sOKZe2w6cOrYINJIvwDDXx1zkj1xCgHnceSxyZU=",
        "owner": "folke",
        "repo": "which-key.nvim",
        "rev": "fb027738340502b556c3f43051f113bcaa7e8e63",
        "type": "github"
      },
      "original": {
        "owner": "folke",
        "repo": "which-key.nvim",
        "type": "github"
      }
    }
  },
  "root": "root",
  "version": 7
}
